# THIS IS AN AUTOGENERATED FILE. DO NOT EDIT THIS FILE DIRECTLY.
# yarn lockfile v1


colors@^1.4.0:
  version "1.4.0"
  resolved "http://registry.npm.qima-inc.com/colors/download/colors-1.4.0.tgz#c50491479d4c1bdaed2c9ced32cf7c7dc2360f78"
  integrity sha1-xQSRR51MG9rtLJztMs98fcI2D3g=

csv-to-lines@^0.0.1:
  version "0.0.1"
  resolved "https://registry.npm.taobao.org/csv-to-lines/download/csv-to-lines-0.0.1.tgz#d9cf44c6269b900ec4235615614cf91cc9827368"
  integrity sha1-2c9ExiabkA7EI1YVYUz5HMmCc2g=
  dependencies:
    colors "^1.4.0"
    lodash "^4.17.15"
    match-all "^1.2.5"

lodash@^4.17.15:
  version "4.17.15"
  resolved "http://registry.npm.qima-inc.com/lodash/download/lodash-4.17.15.tgz#b447f6670a0455bbfeedd11392eff330ea097548"
  integrity sha1-tEf2ZwoEVbv+7dETku/zMOoJdUg=

match-all@^1.2.5:
  version "1.2.5"
  resolved "http://registry.npm.qima-inc.com/match-all/download/match-all-1.2.5.tgz#f709af311a7cb9ae464d9107a4f0fe08d3326eff"
  integrity sha1-9wmvMRp8ua5GTZEHpPD+CNMybv8=

minimist@^1.2.5:
  version "1.2.6"
  resolved "https://registry.yarnpkg.com/minimist/-/minimist-1.2.6.tgz#8637a5b759ea0d6e98702cfb3a9283323c93af44"
  integrity sha512-Jsjnk4bw3YJqYzbdyBiNsPWHPfO++UGG749Cxs6peCu5Xg4nrena6OVxOYxrQTqww0Jmwt+Ref8rggumkTLz9Q==

mkdirp@^0.5.4:
  version "0.5.5"
  resolved "https://registry.npm.taobao.org/mkdirp/download/mkdirp-0.5.5.tgz?cache=0&sync_timestamp=1587535418745&other_urls=https%3A%2F%2Fregistry.npm.taobao.org%2Fmkdirp%2Fdownload%2Fmkdirp-0.5.5.tgz#d91cefd62d1436ca0f41620e251288d420099def"
  integrity sha1-2Rzv1i0UNsoPQWIOJRKI1CAJne8=
  dependencies:
    minimist "^1.2.5"

object-write-to-file@^0.0.3:
  version "0.0.3"
  resolved "https://registry.npm.taobao.org/object-write-to-file/download/object-write-to-file-0.0.3.tgz?cache=0&sync_timestamp=1594189433510&other_urls=https%3A%2F%2Fregistry.npm.taobao.org%2Fobject-write-to-file%2Fdownload%2Fobject-write-to-file-0.0.3.tgz#e6e459a007dc547dc0e749dcb4475a6dfdb69442"
  integrity sha1-5uRZoAfcVH3A50nctEdabf22lEI=
  dependencies:
    lodash "^4.17.15"
    mkdirp "^0.5.4"
